<?xml version="1.0" encoding="utf-8"?>
<Project xmlns="http://schemas.microsoft.com/developer/msbuild/2003">
  <ItemGroup>
    <Filter Include="Generated Files">
      <UniqueIdentifier>{71ED8ED8-ACB9-4CE9-BBE1-E00B30144E11}</UniqueIdentifier>
      <Extensions>cpp;c;cxx;moc;h;def;odl;idl;res;</Extensions>
    </Filter>
    <Filter Include="Generated Files">
      <UniqueIdentifier>{71ED8ED8-ACB9-4CE9-BBE1-E00B30144E11}</UniqueIdentifier>
      <Extensions>cpp;c;cxx;moc;h;def;odl;idl;res;</Extensions>
    </Filter>
    <Filter Include="Source Files">
      <UniqueIdentifier>{4FC737F1-C7A5-4376-A066-2A32D752A2FF}</UniqueIdentifier>
      <Extensions>cpp;c;cxx;def;odl;idl;hpj;bat;asm;asmx</Extensions>
    </Filter>
    <Filter Include="Source Files">
      <UniqueIdentifier>{4FC737F1-C7A5-4376-A066-2A32D752A2FF}</UniqueIdentifier>
      <Extensions>cpp;c;cxx;def;odl;idl;hpj;bat;asm;asmx</Extensions>
    </Filter>
  </ItemGroup>
  <ItemGroup>
    <ClCompile Include="BomberMan.cpp">
      <Filter>Source Files</Filter>
    </ClCompile>
    <ClCompile Include="Files\Tests\Tests.cpp">
      <Filter>Generated Files</Filter>
    </ClCompile>
    <ClCompile Include="Files\Serial\SerialPort.cpp">
      <Filter>Generated Files</Filter>
    </ClCompile>
    <ClCompile Include="Files\ScreenAttributes\ScreenAttributes.cpp">
      <Filter>Generated Files</Filter>
    </ClCompile>
    <ClCompile Include="Files\PowerUp\PowerUp.cpp">
      <Filter>Generated Files</Filter>
    </ClCompile>
    <ClCompile Include="Files\Positions\Positions.cpp">
      <Filter>Generated Files</Filter>
    </ClCompile>
    <ClCompile Include="Files\Player\Player.cpp">
      <Filter>Generated Files</Filter>
    </ClCompile>
    <ClCompile Include="Files\PlacedPowerUp\PlacedPowerUp.cpp">
      <Filter>Generated Files</Filter>
    </ClCompile>
    <ClCompile Include="Files\PlacedBomb\PlacedBomb.cpp">
      <Filter>Generated Files</Filter>
    </ClCompile>
    <ClCompile Include="Files\Object\Object.cpp">
      <Filter>Generated Files</Filter>
    </ClCompile>
    <ClCompile Include="Files\Movements\Movements.cpp">
      <Filter>Generated Files</Filter>
    </ClCompile>
    <ClCompile Include="Files\Map\Map.cpp">
      <Filter>Generated Files</Filter>
    </ClCompile>
    <ClCompile Include="Files\Inventory\Inventory.cpp">
      <Filter>Generated Files</Filter>
    </ClCompile>
    <ClCompile Include="Files\Game\Game.cpp">
      <Filter>Generated Files</Filter>
    </ClCompile>
    <ClCompile Include="Files\Controller\Controller.cpp">
      <Filter>Generated Files</Filter>
    </ClCompile>
    <ClCompile Include="Files\Communication\Communication.cpp">
      <Filter>Generated Files</Filter>
    </ClCompile>
    <ClCompile Include="Files\Arduino\Arduino.cpp">
      <Filter>Generated Files</Filter>
    </ClCompile>
    <ClCompile Include="Files\Application\Application.cpp">
      <Filter>Generated Files</Filter>
    </ClCompile>
  </ItemGroup>
  <ItemGroup>
    <CustomBuild Include="debug\moc_predefs.h.cbt">
      <Filter>Generated Files</Filter>
    </CustomBuild>
    <CustomBuild Include="release\moc_predefs.h.cbt">
      <Filter>Generated Files</Filter>
    </CustomBuild>
  </ItemGroup>
  <ItemGroup>
    <ClInclude Include="Files\Tests\Tests.h">
      <Filter>Generated Files</Filter>
    </ClInclude>
    <ClInclude Include="Files\ScreenAttributes\ScreenAttributes.h">
      <Filter>Generated Files</Filter>
    </ClInclude>
    <ClInclude Include="Files\PowerUp\PowerUp.h">
      <Filter>Generated Files</Filter>
    </ClInclude>
    <ClInclude Include="Files\Positions\Positions.h">
      <Filter>Generated Files</Filter>
    </ClInclude>
    <ClInclude Include="Files\Player\Player.h">
      <Filter>Generated Files</Filter>
    </ClInclude>
    <ClInclude Include="Files\PlacedPowerUp\PlacedPowerUp.h">
      <Filter>Generated Files</Filter>
    </ClInclude>
    <ClInclude Include="Files\PlacedBomb\PlacedBomb.h">
      <Filter>Generated Files</Filter>
    </ClInclude>
    <ClInclude Include="Files\Movements\Movements.h">
      <Filter>Generated Files</Filter>
    </ClInclude>
    <ClInclude Include="Files\Map\Map.h">
      <Filter>Generated Files</Filter>
    </ClInclude>
    <ClInclude Include="Files\Inventory\Inventory.h">
      <Filter>Generated Files</Filter>
    </ClInclude>
    <ClInclude Include="Files\Game\Game.h">
      <Filter>Generated Files</Filter>
    </ClInclude>
    <ClInclude Include="Files\Controller\Controller.h">
      <Filter>Generated Files</Filter>
    </ClInclude>
    <ClInclude Include="Files\Communication\Communication.h">
      <Filter>Generated Files</Filter>
    </ClInclude>
    <ClInclude Include="Files\Arduino\Arduino.h">
      <Filter>Generated Files</Filter>
    </ClInclude>
    <ClInclude Include="Files\Application\Application.h">
      <Filter>Generated Files</Filter>
    </ClInclude>
    <ClInclude Include="Files\Object\Object.hpp" />
    <ClInclude Include="Files\JSON\json.hpp" />
  </ItemGroup>
</Project>