<?xml version="1.0" encoding="utf-8"?>
<Project ToolsVersion="4.0" xmlns="http://schemas.microsoft.com/developer/msbuild/2003">
  <ItemGroup>
    <Filter Include="Source Files">
      <UniqueIdentifier>{4FC737F1-C7A5-4376-A066-2A32D752A2FF}</UniqueIdentifier>
      <Extensions>qml;cpp;c;cc;cxx;def;odl;idl;hpj;bat;asm;asmx</Extensions>
    </Filter>
    <Filter Include="Header Files">
      <UniqueIdentifier>{93995380-89BD-4b04-88EB-625FBE52EBFB}</UniqueIdentifier>
      <Extensions>h;hh;hpp;hxx;hm;inl;inc;xsd</Extensions>
    </Filter>
    <Filter Include="Resource Files">
      <UniqueIdentifier>{67DA6AB6-F800-4c08-8B7A-83BB121AAD01}</UniqueIdentifier>
      <Extensions>qrc;rc;ico;cur;bmp;dlg;rc2;rct;bin;rgs;gif;jpg;jpeg;jpe;resx;tiff;tif;png;wav;mfcribbon-ms</Extensions>
    </Filter>
    <Filter Include="Form Files">
      <UniqueIdentifier>{99349809-55BA-4b9d-BF79-8FDBB0286EB3}</UniqueIdentifier>
      <Extensions>ui</Extensions>
    </Filter>
    <Filter Include="Translation Files">
      <UniqueIdentifier>{639EADAA-A684-42e4-A9AD-28FC9BCB8F7C}</UniqueIdentifier>
      <Extensions>ts</Extensions>
    </Filter>
  </ItemGroup>
  <ItemGroup>
    <QtRcc Include="BomberMan.qrc">
      <Filter>Resource Files</Filter>
    </QtRcc>
    <QtUic Include="BomberMan.ui">
      <Filter>Form Files</Filter>
    </QtUic>
    <QtMoc Include="BomberMan.h">
      <Filter>Header Files</Filter>
    </QtMoc>
    <ClCompile Include="BomberMan.cpp">
      <Filter>Source Files</Filter>
    </ClCompile>
  </ItemGroup>
  <ItemGroup>
    <ClCompile Include="main.cpp">
      <Filter>Source Files</Filter>
    </ClCompile>
    <ClCompile Include="Files\Application\AppHandler.cpp">
      <Filter>Source Files</Filter>
    </ClCompile>
    <ClCompile Include="Files\Application\Application.cpp">
      <Filter>Source Files</Filter>
    </ClCompile>
    <ClCompile Include="Files\Arduino\Arduino.cpp">
      <Filter>Source Files</Filter>
    </ClCompile>
    <ClCompile Include="Files\Arduino\ThreadManager.cpp">
      <Filter>Source Files</Filter>
    </ClCompile>
    <ClCompile Include="Files\BaseObject\BaseObject.cpp">
      <Filter>Source Files</Filter>
    </ClCompile>
    <ClCompile Include="Files\Colour\Colour.cpp">
      <Filter>Source Files</Filter>
    </ClCompile>
    <ClCompile Include="Files\Communication\Communication.cpp">
      <Filter>Source Files</Filter>
    </ClCompile>
    <ClCompile Include="Files\Controller\Controller.cpp">
      <Filter>Source Files</Filter>
    </ClCompile>
    <ClCompile Include="Files\Game\Game.cpp">
      <Filter>Source Files</Filter>
    </ClCompile>
    <ClCompile Include="Files\Inventory\Inventory.cpp">
      <Filter>Source Files</Filter>
    </ClCompile>
    <ClCompile Include="Files\Map\Map.cpp">
      <Filter>Source Files</Filter>
    </ClCompile>
    <ClCompile Include="Files\Map\Utils.cpp">
      <Filter>Source Files</Filter>
    </ClCompile>
    <ClCompile Include="Files\Menus\ArduinoMenu.cpp">
      <Filter>Source Files</Filter>
    </ClCompile>
    <ClCompile Include="Files\Menus\ExitMenu.cpp">
      <Filter>Source Files</Filter>
    </ClCompile>
    <ClCompile Include="Files\Menus\GameMenu.cpp">
      <Filter>Source Files</Filter>
    </ClCompile>
    <ClCompile Include="Files\Menus\MainMenu.cpp">
      <Filter>Source Files</Filter>
    </ClCompile>
    <ClCompile Include="Files\Menus\MapMenu.cpp">
      <Filter>Source Files</Filter>
    </ClCompile>
    <ClCompile Include="Files\Menus\Menu.cpp">
      <Filter>Source Files</Filter>
    </ClCompile>
    <ClCompile Include="Files\Menus\TestMenu.cpp">
      <Filter>Source Files</Filter>
    </ClCompile>
    <ClCompile Include="Files\Movements\Movements.cpp">
      <Filter>Source Files</Filter>
    </ClCompile>
    <ClCompile Include="Files\PlacedBomb\PlacedBomb.cpp">
      <Filter>Source Files</Filter>
    </ClCompile>
    <ClCompile Include="Files\PlacedBomb\Ray.cpp">
      <Filter>Source Files</Filter>
    </ClCompile>
    <ClCompile Include="Files\PlacedPowerUp\PlacedPowerUp.cpp">
      <Filter>Source Files</Filter>
    </ClCompile>
    <ClCompile Include="Files\Player\Player.cpp">
      <Filter>Source Files</Filter>
    </ClCompile>
    <ClCompile Include="Files\Positions\Positions.cpp">
      <Filter>Source Files</Filter>
    </ClCompile>
    <ClCompile Include="Files\PowerUp\PowerUp.cpp">
      <Filter>Source Files</Filter>
    </ClCompile>
    <ClCompile Include="Files\QMenus\Handler.cpp">
      <Filter>Source Files</Filter>
    </ClCompile>
    <ClCompile Include="Files\QMenus\QAppWindow.cpp">
      <Filter>Source Files</Filter>
    </ClCompile>
    <ClCompile Include="Files\QMenus\QCountDownMenu.cpp">
      <Filter>Source Files</Filter>
    </ClCompile>
    <ClCompile Include="Files\QMenus\QDisconnectMenu.cpp">
      <Filter>Source Files</Filter>
    </ClCompile>
    <ClCompile Include="Files\QMenus\QExitMenu.cpp">
      <Filter>Source Files</Filter>
    </ClCompile>
    <ClCompile Include="Files\QMenus\QFormulaire.cpp">
      <Filter>Source Files</Filter>
    </ClCompile>
    <ClCompile Include="Files\QMenus\QGameMenu.cpp">
      <Filter>Source Files</Filter>
    </ClCompile>
    <ClCompile Include="Files\QMenus\QMainMenu.cpp">
      <Filter>Source Files</Filter>
    </ClCompile>
    <ClCompile Include="Files\QMenus\QMapSelectionMenu.cpp">
      <Filter>Source Files</Filter>
    </ClCompile>
    <ClCompile Include="Files\QMenus\QPauseMenu.cpp">
      <Filter>Source Files</Filter>
    </ClCompile>
    <ClCompile Include="Files\QMenus\QPlayerJoiningMenu.cpp">
      <Filter>Source Files</Filter>
    </ClCompile>
    <ClCompile Include="Files\QMenus\QSettingsMenu.cpp">
      <Filter>Source Files</Filter>
    </ClCompile>
    <ClCompile Include="Files\QObjects\QCountDown.cpp">
      <Filter>Source Files</Filter>
    </ClCompile>
    <ClCompile Include="Files\QObjects\QPlayerStats.cpp">
      <Filter>Source Files</Filter>
    </ClCompile>
    <ClCompile Include="Files\ScreenAttributes\ScreenAttributes.cpp">
      <Filter>Source Files</Filter>
    </ClCompile>
    <ClCompile Include="Files\Serial\PortDetector.cpp">
      <Filter>Source Files</Filter>
    </ClCompile>
    <ClCompile Include="Files\Serial\SerialPort.cpp">
      <Filter>Source Files</Filter>
    </ClCompile>
    <ClCompile Include="Files\SimpleTimer\SimpleChrono.cpp">
      <Filter>Source Files</Filter>
    </ClCompile>
    <ClCompile Include="Files\SimpleTimer\SimpleTimer.cpp">
      <Filter>Source Files</Filter>
    </ClCompile>
    <ClCompile Include="Files\QObjects\QJoinedPlayersList.cpp">
      <Filter>Source Files</Filter>
    </ClCompile>
  </ItemGroup>
  <ItemGroup>
    <ClInclude Include="Files\Application\AppHandler.h">
      <Filter>Header Files</Filter>
    </ClInclude>
    <ClInclude Include="Files\Application\Application.h">
      <Filter>Header Files</Filter>
    </ClInclude>
    <ClInclude Include="Files\Arduino\Arduino.h">
      <Filter>Header Files</Filter>
    </ClInclude>
    <ClInclude Include="Files\Arduino\ThreadManager.hpp">
      <Filter>Header Files</Filter>
    </ClInclude>
    <ClInclude Include="Files\BaseObject\BaseObject.hpp">
      <Filter>Header Files</Filter>
    </ClInclude>
    <ClInclude Include="Files\Colour\Colour.h">
      <Filter>Header Files</Filter>
    </ClInclude>
    <ClInclude Include="Files\Communication\Communication.h">
      <Filter>Header Files</Filter>
    </ClInclude>
    <ClInclude Include="Files\Controller\Controller.h">
      <Filter>Header Files</Filter>
    </ClInclude>
    <ClInclude Include="Files\Game\Game.h">
      <Filter>Header Files</Filter>
    </ClInclude>
    <ClInclude Include="Files\Inventory\Inventory.h">
      <Filter>Header Files</Filter>
    </ClInclude>
    <ClInclude Include="Files\JSON\json.hpp">
      <Filter>Header Files</Filter>
    </ClInclude>
    <ClInclude Include="Files\Map\Map.h">
      <Filter>Header Files</Filter>
    </ClInclude>
    <ClInclude Include="Files\Map\Utils.hpp">
      <Filter>Header Files</Filter>
    </ClInclude>
    <ClInclude Include="Files\Menus\ArduinoMenu.h">
      <Filter>Header Files</Filter>
    </ClInclude>
    <ClInclude Include="Files\Menus\ExitMenu.h">
      <Filter>Header Files</Filter>
    </ClInclude>
    <ClInclude Include="Files\Menus\GameMenu.h">
      <Filter>Header Files</Filter>
    </ClInclude>
    <ClInclude Include="Files\Menus\MainMenu.h">
      <Filter>Header Files</Filter>
    </ClInclude>
    <ClInclude Include="Files\Menus\MapMenu.h">
      <Filter>Header Files</Filter>
    </ClInclude>
    <ClInclude Include="Files\Menus\Menu.h">
      <Filter>Header Files</Filter>
    </ClInclude>
    <ClInclude Include="Files\Menus\TestMenu.h">
      <Filter>Header Files</Filter>
    </ClInclude>
    <ClInclude Include="Files\Movements\Movements.h">
      <Filter>Header Files</Filter>
    </ClInclude>
    <ClInclude Include="Files\PlacedBomb\PlacedBomb.h">
      <Filter>Header Files</Filter>
    </ClInclude>
    <ClInclude Include="Files\PlacedBomb\Ray.h">
      <Filter>Header Files</Filter>
    </ClInclude>
    <ClInclude Include="Files\PlacedPowerUp\PlacedPowerUp.h">
      <Filter>Header Files</Filter>
    </ClInclude>
    <ClInclude Include="Files\Player\Player.h">
      <Filter>Header Files</Filter>
    </ClInclude>
    <ClInclude Include="Files\Positions\Positions.h">
      <Filter>Header Files</Filter>
    </ClInclude>
    <ClInclude Include="Files\PowerUp\PowerUp.h">
      <Filter>Header Files</Filter>
    </ClInclude>
    <ClInclude Include="Files\QMenus\Handler.h">
      <Filter>Header Files</Filter>
    </ClInclude>
    <ClInclude Include="Files\QMenus\QAppWindow.h">
      <Filter>Header Files</Filter>
    </ClInclude>
    <ClInclude Include="Files\QMenus\QCountDownMenu.h">
      <Filter>Header Files</Filter>
    </ClInclude>
    <ClInclude Include="Files\QMenus\QDisconnectMenu.h">
      <Filter>Header Files</Filter>
    </ClInclude>
    <ClInclude Include="Files\QMenus\QExitMenu.h">
      <Filter>Header Files</Filter>
    </ClInclude>
    <ClInclude Include="Files\QMenus\QFormulaire.h">
      <Filter>Header Files</Filter>
    </ClInclude>
    <ClInclude Include="Files\QMenus\QGameMenu.h">
      <Filter>Header Files</Filter>
    </ClInclude>
    <ClInclude Include="Files\QMenus\QMainMenu.h">
      <Filter>Header Files</Filter>
    </ClInclude>
    <ClInclude Include="Files\QMenus\QMapSelectionMenu.h">
      <Filter>Header Files</Filter>
    </ClInclude>
    <ClInclude Include="Files\QMenus\QPauseMenu.h">
      <Filter>Header Files</Filter>
    </ClInclude>
    <ClInclude Include="Files\QMenus\QPlayerJoiningMenu.h">
      <Filter>Header Files</Filter>
    </ClInclude>
    <ClInclude Include="Files\QMenus\QSettingsMenu.h">
      <Filter>Header Files</Filter>
    </ClInclude>
    <ClInclude Include="Files\QObjects\QCountDown.h">
      <Filter>Header Files</Filter>
    </ClInclude>
    <ClInclude Include="Files\QObjects\QPlayerStats.h">
      <Filter>Header Files</Filter>
    </ClInclude>
    <ClInclude Include="Files\ScreenAttributes\ScreenAttributes.h">
      <Filter>Header Files</Filter>
    </ClInclude>
    <ClInclude Include="Files\Serial\PortDetector.h">
      <Filter>Header Files</Filter>
    </ClInclude>
    <ClInclude Include="Files\Serial\SerialPort.hpp">
      <Filter>Header Files</Filter>
    </ClInclude>
    <ClInclude Include="Files\SimpleTimer\SimpleChrono.h">
      <Filter>Header Files</Filter>
    </ClInclude>
    <ClInclude Include="Files\SimpleTimer\SimpleTimer.h">
      <Filter>Header Files</Filter>
    </ClInclude>
  </ItemGroup>
  <ItemGroup>
    <QtMoc Include="Files\QObjects\QJoinedPlayersList.h">
      <Filter>Header Files</Filter>
    </QtMoc>
  </ItemGroup>
</Project>